%{"base64url": {:hex, :base64url, "0.0.1", "36a90125f5948e3afd7be97662a1504b934dd5dac78451ca6e9abf85a10286be", [:rebar], [], "hexpm"},
  "cache_tab": {:hex, :cache_tab, "1.0.13", "e09857af9b7ba89428227d3801256852cb0d51a4de47e4edcb160d96cc96f8eb", [:rebar3], [{:p1_utils, "1.0.11", [hex: :p1_utils, repo: "hexpm", optional: false]}], "hexpm"},
  "distillery": {:hex, :distillery, "1.5.2", "eec18b2d37b55b0bcb670cf2bcf64228ed38ce8b046bb30a9b636a6f5a4c0080", [:mix], [], "hexpm"},
  "earmark": {:hex, :earmark, "1.2.4", "99b637c62a4d65a20a9fb674b8cffb8baa771c04605a80c911c4418c69b75439", [:mix], [], "hexpm"},
  "eimp": {:hex, :eimp, "1.0.3", "e40108d622d672cf6003d279d98fc46a98df182dbe8756857896ffd28883090d", [:rebar3], [{:p1_utils, "1.0.11", [hex: :p1_utils, repo: "hexpm", optional: false]}], "hexpm"},
  "epushmsg": {:git, "https://github.com/senseobservationsystems/epushmsg.git", "b6f8a413b482051ad69481cedd1a33815f9ba528", [tag: "v0.0.2"]},
  "esip": {:hex, :esip, "1.0.22", "3e387312614762fb84d3f77ba4f17650faf52510482521300b3d98ecdcbec21d", [:rebar3], [{:fast_tls, "1.0.21", [hex: :fast_tls, repo: "hexpm", optional: false]}, {:p1_utils, "1.0.11", [hex: :p1_utils, repo: "hexpm", optional: false]}, {:stun, "1.0.21", [hex: :stun, repo: "hexpm", optional: false]}], "hexpm"},
  "ex_doc": {:hex, :ex_doc, "0.18.3", "f4b0e4a2ec6f333dccf761838a4b253d75e11f714b85ae271c9ae361367897b7", [:mix], [{:earmark, "~> 1.1", [hex: :earmark, repo: "hexpm", optional: false]}], "hexpm"},
  "ezlib": {:hex, :ezlib, "1.0.4", "2434e4bb549cb060d5ac02261ba48fbe1a69b2ae4e1bf7485a3b27b3f3ec618d", [:rebar3], [], "hexpm"},
  "fast_tls": {:hex, :fast_tls, "1.0.21", "7005fe030c0472643314c9c31e7627bb296dcb96a9ce0b5dd8ccb34273f4c1ff", [:rebar3], [{:p1_utils, "1.0.11", [hex: :p1_utils, repo: "hexpm", optional: false]}], "hexpm"},
  "fast_xml": {:hex, :fast_xml, "1.1.29", "c6356d28f0f76ffefc68b5eb65916f0b8ca513bab71db8ad95bd8577c47e30e2", [:rebar3], [{:p1_utils, "1.0.11", [hex: :p1_utils, repo: "hexpm", optional: false]}], "hexpm"},
  "fast_yaml": {:hex, :fast_yaml, "1.0.13", "adcb8db20bb96d4e56b63b48c75d47ca15a6bd409da0200ffbd32db382131e22", [:rebar3], [{:p1_utils, "1.0.11", [hex: :p1_utils, repo: "hexpm", optional: false]}], "hexpm"},
  "goldrush": {:hex, :goldrush, "0.1.9", "f06e5d5f1277da5c413e84d5a2924174182fb108dabb39d5ec548b27424cd106", [:rebar3], [], "hexpm"},
  "hackney": {:git, "git://github.com/benoitc/hackney.git", "64329fbeb7a9810ea48aa4ade6b72af4853f9668", [tag: "0.4.0"]},
  "iconv": {:hex, :iconv, "1.0.7", "f81eb6b8c977b1fd078515937fdce64292d64c6102353fbbfe57db580f4689d1", [:rebar3], [{:p1_utils, "1.0.11", [hex: :p1_utils, repo: "hexpm", optional: false]}], "hexpm"},
  "jiffy": {:hex, :jiffy, "0.14.13", "225a9a35e26417832c611526567194b4d3adc4f0dfa5f2f7008f4684076f2a01", [:rebar3], [], "hexpm"},
  "jose": {:hex, :jose, "1.8.4", "7946d1e5c03a76ac9ef42a6e6a20001d35987afd68c2107bcd8f01a84e75aa73", [:mix, :rebar3], [{:base64url, "~> 0.0.1", [hex: :base64url, repo: "hexpm", optional: false]}], "hexpm"},
  "lager": {:hex, :lager, "3.4.2", "150b9a17b23ae6d3265cc10dc360747621cf217b7a22b8cddf03b2909dbf7aa5", [:rebar3], [{:goldrush, "0.1.9", [hex: :goldrush, repo: "hexpm", optional: false]}], "hexpm"},
  "mimetypes": {:git, "https://github.com/spawngrid/mimetypes.git", "091a76398319e041fab444249ae5042500f3abaa", [ref: "master"]},
  "p1_mysql": {:hex, :p1_mysql, "1.0.5", "2a9644d27050a6aa9e7eb70a0620043f93655212b15f3620dc12f2fbd1a8c43a", [:rebar3], [], "hexpm"},
  "p1_oauth2": {:hex, :p1_oauth2, "0.6.2", "cc381038920e3d34ef32aa10ba7eb637bdff38a946748c4fd99329ff484a3889", [:rebar3], [], "hexpm"},
  "p1_pgsql": {:hex, :p1_pgsql, "1.1.5", "1e1bef6e6d906e10552a608b9fe5ef39b3099caf0f44c07d3d9e18ac4dee34d1", [:rebar3], [], "hexpm"},
  "p1_utils": {:hex, :p1_utils, "1.0.11", "a471f80644d4b464fa67572affddda7e95df5d4b099624b8907f5726e8a1769c", [:rebar3], [], "hexpm"},
  "stringprep": {:hex, :stringprep, "1.0.11", "002e6972ab36c35f3dd88c11725014e62608c45a00399c083681879973fa8026", [:rebar3], [{:p1_utils, "1.0.11", [hex: :p1_utils, repo: "hexpm", optional: false]}], "hexpm"},
  "stun": {:hex, :stun, "1.0.21", "087fb20497081927690ef9d70b5bd6f9f4bea256ad758c500842722c0b6bb6ab", [:rebar3], [{:fast_tls, "1.0.21", [hex: :fast_tls, repo: "hexpm", optional: false]}, {:p1_utils, "1.0.11", [hex: :p1_utils, repo: "hexpm", optional: false]}], "hexpm"},
  "xmpp": {:hex, :xmpp, "1.1.20", "33ddcc698518061f5051b98a6f731eef9342799f0c276a9debdfffe85c32fe6d", [:rebar3], [{:fast_xml, "1.1.29", [hex: :fast_xml, repo: "hexpm", optional: false]}, {:p1_utils, "1.0.11", [hex: :p1_utils, repo: "hexpm", optional: false]}, {:stringprep, "1.0.11", [hex: :stringprep, repo: "hexpm", optional: false]}], "hexpm"}}
